// !$*UTF8*$!
{
	archiveVersion = 1;
	classes = {
	};
	objectVersion = 50;
	objects = {

/* Begin PBXBuildFile section */
		6FBDF90E23E5A01400D4FF08 /* AppDelegate.swift in Sources */ = {isa = PBXBuildFile; fileRef = 6FBDF90D23E5A01400D4FF08 /* AppDelegate.swift */; };
		6FBDF91023E5A01400D4FF08 /* SceneDelegate.swift in Sources */ = {isa = PBXBuildFile; fileRef = 6FBDF90F23E5A01400D4FF08 /* SceneDelegate.swift */; };
		6FBDF91223E5A01400D4FF08 /* ViewController.swift in Sources */ = {isa = PBXBuildFile; fileRef = 6FBDF91123E5A01400D4FF08 /* ViewController.swift */; };
		6FBDF91523E5A01400D4FF08 /* Main.storyboard in Resources */ = {isa = PBXBuildFile; fileRef = 6FBDF91323E5A01400D4FF08 /* Main.storyboard */; };
		6FBDF91823E5A01400D4FF08 /* Carthage.xcdatamodeld in Sources */ = {isa = PBXBuildFile; fileRef = 6FBDF91623E5A01400D4FF08 /* Carthage.xcdatamodeld */; };
		6FBDF91A23E5A01500D4FF08 /* Assets.xcassets in Resources */ = {isa = PBXBuildFile; fileRef = 6FBDF91923E5A01500D4FF08 /* Assets.xcassets */; };
		6FBDF91D23E5A01500D4FF08 /* LaunchScreen.storyboard in Resources */ = {isa = PBXBuildFile; fileRef = 6FBDF91B23E5A01500D4FF08 /* LaunchScreen.storyboard */; };
		6FC82AC623E5A3E3003D7E38 /* Alamofire.framework in Frameworks */ = {isa = PBXBuildFile; fileRef = 6FC82AC523E5A3E3003D7E38 /* Alamofire.framework */; };
/* End PBXBuildFile section */

/* Begin PBXCopyFilesBuildPhase section */
		6FC82AC823E5A3E4003D7E38 /* Embed Frameworks */ = {
			isa = PBXCopyFilesBuildPhase;
			buildActionMask = 2147483647;
			dstPath = "";
			dstSubfolderSpec = 10;
			files = (
			);
			name = "Embed Frameworks";
			runOnlyForDeploymentPostprocessing = 0;
		};
/* End PBXCopyFilesBuildPhase section */

/* Begin PBXFileReference section */
		6FBDF90A23E5A01400D4FF08 /* Carthage.app */ = {isa = PBXFileReference; explicitFileType = wrapper.application; includeInIndex = 0; path = Carthage.app; sourceTree = BUILT_PRODUCTS_DIR; };
		6FBDF90D23E5A01400D4FF08 /* AppDelegate.swift */ = {isa = PBXFileReference; lastKnownFileType = sourcecode.swift; path = AppDelegate.swift; sourceTree = "<group>"; };
		6FBDF90F23E5A01400D4FF08 /* SceneDelegate.swift */ = {isa = PBXFileReference; lastKnownFileType = sourcecode.swift; path = SceneDelegate.swift; sourceTree = "<group>"; };
		6FBDF91123E5A01400D4FF08 /* ViewController.swift */ = {isa = PBXFileReference; lastKnownFileType = sourcecode.swift; path = ViewController.swift; sourceTree = "<group>"; };
		6FBDF91423E5A01400D4FF08 /* Base */ = {isa = PBXFileReference; lastKnownFileType = file.storyboard; name = Base; path = Base.lproj/Main.storyboard; sourceTree = "<group>"; };
		6FBDF91723E5A01400D4FF08 /* Carthage.xcdatamodel */ = {isa = PBXFileReference; lastKnownFileType = wrapper.xcdatamodel; path = Carthage.xcdatamodel; sourceTree = "<group>"; };
		6FBDF91923E5A01500D4FF08 /* Assets.xcassets */ = {isa = PBXFileReference; lastKnownFileType = folder.assetcatalog; path = Assets.xcassets; sourceTree = "<group>"; };
		6FBDF91C23E5A01500D4FF08 /* Base */ = {isa = PBXFileReference; lastKnownFileType = file.storyboard; name = Base; path = Base.lproj/LaunchScreen.storyboard; sourceTree = "<group>"; };
		6FBDF91E23E5A01500D4FF08 /* Info.plist */ = {isa = PBXFileReference; lastKnownFileType = text.plist.xml; path = Info.plist; sourceTree = "<group>"; };
		6FC82AC523E5A3E3003D7E38 /* Alamofire.framework */ = {isa = PBXFileReference; lastKnownFileType = wrapper.framework; name = Alamofire.framework; path = Carthage/Build/iOS/Alamofire.framework; sourceTree = "<group>"; };
/* End PBXFileReference section */

/* Begin PBXFrameworksBuildPhase section */
		6FBDF90723E5A01400D4FF08 /* Frameworks */ = {
			isa = PBXFrameworksBuildPhase;
			buildActionMask = 2147483647;
			files = (
				6FC82AC623E5A3E3003D7E38 /* Alamofire.framework in Frameworks */,
			);
			runOnlyForDeploymentPostprocessing = 0;
		};
/* End PBXFrameworksBuildPhase section */

/* Begin PBXGroup section */
		6FBDF90123E5A01400D4FF08 = {
			isa = PBXGroup;
			children = (
				6FBDF90C23E5A01400D4FF08 /* Carthage */,
				6FBDF90B23E5A01400D4FF08 /* Products */,
				6FC82AC423E5A3E3003D7E38 /* Frameworks */,
			);
			sourceTree = "<group>";
		};
		6FBDF90B23E5A01400D4FF08 /* Products */ = {
			isa = PBXGroup;
			children = (
				6FBDF90A23E5A01400D4FF08 /* Carthage.app */,
			);
			name = Products;
			sourceTree = "<group>";
		};
		6FBDF90C23E5A01400D4FF08 /* Carthage */ = {
			isa = PBXGroup;
			children = (
				6FBDF90D23E5A01400D4FF08 /* AppDelegate.swift */,
				6FBDF90F23E5A01400D4FF08 /* SceneDelegate.swift */,
				6FBDF91123E5A01400D4FF08 /* ViewController.swift */,
				6FBDF91323E5A01400D4FF08 /* Main.storyboard */,
				6FBDF91923E5A01500D4FF08 /* Assets.xcassets */,
				6FBDF91B23E5A01500D4FF08 /* LaunchScreen.storyboard */,
				6FBDF91E23E5A01500D4FF08 /* Info.plist */,
				6FBDF91623E5A01400D4FF08 /* Carthage.xcdatamodeld */,
			);
			path = Carthage;
			sourceTree = "<group>";
		};
		6FC82AC423E5A3E3003D7E38 /* Frameworks */ = {
			isa = PBXGroup;
			children = (
				6FC82AC523E5A3E3003D7E38 /* Alamofire.framework */,
			);
			name = Frameworks;
			sourceTree = "<group>";
		};
/* End PBXGroup section */

/* Begin PBXNativeTarget section */
		6FBDF90923E5A01400D4FF08 /* Carthage */ = {
			isa = PBXNativeTarget;
			buildConfigurationList = 6FBDF92123E5A01500D4FF08 /* Build configuration list for PBXNativeTarget "Carthage" */;
			buildPhases = (
				6FBDF90623E5A01400D4FF08 /* Sources */,
				6FBDF90723E5A01400D4FF08 /* Frameworks */,
				6FBDF90823E5A01400D4FF08 /* Resources */,
				6FC82AC823E5A3E4003D7E38 /* Embed Frameworks */,
				6FC82ACA23E5A50D003D7E38 /* ShellScript */,
			);
			buildRules = (
			);
			dependencies = (
			);
			name = Carthage;
			productName = Carthage;
			productReference = 6FBDF90A23E5A01400D4FF08 /* Carthage.app */;
			productType = "com.apple.product-type.application";
		};
/* End PBXNativeTarget section */

/* Begin PBXProject section */
		6FBDF90223E5A01400D4FF08 /* Project object */ = {
			isa = PBXProject;
			attributes = {
				LastSwiftUpdateCheck = 1130;
				LastUpgradeCheck = 1130;
				ORGANIZATIONNAME = "Roman Kuzmich Home Dev";
				TargetAttributes = {
					6FBDF90923E5A01400D4FF08 = {
						CreatedOnToolsVersion = 11.3.1;
					};
				};
			};
			buildConfigurationList = 6FBDF90523E5A01400D4FF08 /* Build configuration list for PBXProject "Carthage" */;
			compatibilityVersion = "Xcode 9.3";
			developmentRegion = en;
			hasScannedForEncodings = 0;
			knownRegions = (
				en,
				Base,
			);
			mainGroup = 6FBDF90123E5A01400D4FF08;
			productRefGroup = 6FBDF90B23E5A01400D4FF08 /* Products */;
			projectDirPath = "";
			projectRoot = "";
			targets = (
				6FBDF90923E5A01400D4FF08 /* Carthage */,
			);
		};
/* End PBXProject section */

/* Begin PBXResourcesBuildPhase section */
		6FBDF90823E5A01400D4FF08 /* Resources */ = {
			isa = PBXResourcesBuildPhase;
			buildActionMask = 2147483647;
			files = (
				6FBDF91D23E5A01500D4FF08 /* LaunchScreen.storyboard in Resources */,
				6FBDF91A23E5A01500D4FF08 /* Assets.xcassets in Resources */,
				6FBDF91523E5A01400D4FF08 /* Main.storyboard in Resources */,
			);
			runOnlyForDeploymentPostprocessing = 0;
		};
/* End PBXResourcesBuildPhase section */

/* Begin PBXShellScriptBuildPhase section */
		6FC82ACA23E5A50D003D7E38 /* ShellScript */ = {
			isa = PBXShellScriptBuildPhase;
			buildActionMask = 2147483647;
			files = (
			);
			inputFileListPaths = (
			);
			inputPaths = (
				"$(SRCROOT)/Carthage/Build/iOS/Alamofire.framework",
			);
			outputFileListPaths = (
			);
			outputPaths = (
			);
			runOnlyForDeploymentPostprocessing = 0;
			shellPath = /bin/sh;
			shellScript = "# Type a script or drag a script file from your workspace to insert its path.\n/usr/local/bin/carthage copy-frameworks\n";
		};
/* End PBXShellScriptBuildPhase section */

/* Begin PBXSourcesBuildPhase section */
		6FBDF90623E5A01400D4FF08 /* Sources */ = {
			isa = PBXSourcesBuildPhase;
			buildActionMask = 2147483647;
			files = (
				6FBDF91823E5A01400D4FF08 /* Carthage.xcdatamodeld in Sources */,
				6FBDF91223E5A01400D4FF08 /* ViewController.swift in Sources */,
				6FBDF90E23E5A01400D4FF08 /* AppDelegate.swift in Sources */,
				6FBDF91023E5A01400D4FF08 /* SceneDelegate.swift in Sources */,
			);
			runOnlyForDeploymentPostprocessing = 0;
		};
/* End PBXSourcesBuildPhase section */

/* Begin PBXVariantGroup section */
		6FBDF91323E5A01400D4FF08 /* Main.storyboard */ = {
			isa = PBXVariantGroup;
			children = (
				6FBDF91423E5A01400D4FF08 /* Base */,
			);
			name = Main.storyboard;
			sourceTree = "<group>";
		};
		6FBDF91B23E5A01500D4FF08 /* LaunchScreen.storyboard */ = {
			isa = PBXVariantGroup;
			children = (
				6FBDF91C23E5A01500D4FF08 /* Base */,
			);
			name = LaunchScreen.storyboard;
			sourceTree = "<group>";
		};
/* End PBXVariantGroup section */

/* Begin XCBuildConfiguration section */
		6FBDF91F23E5A01500D4FF08 /* Debug */ = {
			isa = XCBuildConfiguration;
			buildSettings = {
				ALWAYS_SEARCH_USER_PATHS = NO;
				CLANG_ANALYZER_NONNULL = YES;
				CLANG_ANALYZER_NUMBER_OBJECT_CONVERSION = YES_AGGRESSIVE;
				CLANG_CXX_LANGUAGE_STANDARD = "gnu++14";
				CLANG_CXX_LIBRARY = "libc++";
				CLANG_ENABLE_MODULES = YES;
				CLANG_ENABLE_OBJC_ARC = YES;
				CLANG_ENABLE_OBJC_WEAK = YES;
				CLANG_WARN_BLOCK_CAPTURE_AUTORELEASING = YES;
				CLANG_WARN_BOOL_CONVERSION = YES;
				CLANG_WARN_COMMA = YES;
				CLANG_WARN_CONSTANT_CONVERSION = YES;
				CLANG_WARN_DEPRECATED_OBJC_IMPLEMENTATIONS = YES;
				CLANG_WARN_DIRECT_OBJC_ISA_USAGE = YES_ERROR;
				CLANG_WARN_DOCUMENTATION_COMMENTS = YES;
				CLANG_WARN_EMPTY_BODY = YES;
				CLANG_WARN_ENUM_CONVERSION = YES;
				CLANG_WARN_INFINITE_RECURSION = YES;
				CLANG_WARN_INT_CONVERSION = YES;
				CLANG_WARN_NON_LITERAL_NULL_CONVERSION = YES;
				CLANG_WARN_OBJC_IMPLICIT_RETAIN_SELF = YES;
				CLANG_WARN_OBJC_LITERAL_CONVERSION = YES;
				CLANG_WARN_OBJC_ROOT_CLASS = YES_ERROR;
				CLANG_WARN_RANGE_LOOP_ANALYSIS = YES;
				CLANG_WARN_STRICT_PROTOTYPES = YES;
				CLANG_WARN_SUSPICIOUS_MOVE = YES;
				CLANG_WARN_UNGUARDED_AVAILABILITY = YES_AGGRESSIVE;
				CLANG_WARN_UNREACHABLE_CODE = YES;
				CLANG_WARN__DUPLICATE_METHOD_MATCH = YES;
				COPY_PHASE_STRIP = NO;
				DEBUG_INFORMATION_FORMAT = dwarf;
				ENABLE_STRICT_OBJC_MSGSEND = YES;
				ENABLE_TESTABILITY = YES;
				GCC_C_LANGUAGE_STANDARD = gnu11;
				GCC_DYNAMIC_NO_PIC = NO;
				GCC_NO_COMMON_BLOCKS = YES;
				GCC_OPTIMIZATION_LEVEL = 0;
				GCC_PREPROCESSOR_DEFINITIONS = (
					"DEBUG=1",
					"$(inherited)",
				);
				GCC_WARN_64_TO_32_BIT_CONVERSION = YES;
				GCC_WARN_ABOUT_RETURN_TYPE = YES_ERROR;
				GCC_WARN_UNDECLARED_SELECTOR = YES;
				GCC_WARN_UNINITIALIZED_AUTOS = YES_AGGRESSIVE;
				GCC_WARN_UNUSED_FUNCTION = YES;
				GCC_WARN_UNUSED_VARIABLE = YES;
				IPHONEOS_DEPLOYMENT_TARGET = 13.2;
				MTL_ENABLE_DEBUG_INFO = INCLUDE_SOURCE;
				MTL_FAST_MATH = YES;
				ONLY_ACTIVE_ARCH = YES;
				SDKROOT = iphoneos;
				SWIFT_ACTIVE_COMPILATION_CONDITIONS = DEBUG;
				SWIFT_OPTIMIZATION_LEVEL = "-Onone";
			};
			name = Debug;
		};
		6FBDF92023E5A01500D4FF08 /* Release */ = {
			isa = XCBuildConfiguration;
			buildSettings = {
				ALWAYS_SEARCH_USER_PATHS = NO;
				CLANG_ANALYZER_NONNULL = YES;
				CLANG_ANALYZER_NUMBER_OBJECT_CONVERSION = YES_AGGRESSIVE;
				CLANG_CXX_LANGUAGE_STANDARD = "gnu++14";
				CLANG_CXX_LIBRARY = "libc++";
				CLANG_ENABLE_MODULES = YES;
				CLANG_ENABLE_OBJC_ARC = YES;
				CLANG_ENABLE_OBJC_WEAK = YES;
				CLANG_WARN_BLOCK_CAPTURE_AUTORELEASING = YES;
				CLANG_WARN_BOOL_CONVERSION = YES;
				CLANG_WARN_COMMA = YES;
				CLANG_WARN_CONSTANT_CONVERSION = YES;
				CLANG_WARN_DEPRECATED_OBJC_IMPLEMENTATIONS = YES;
				CLANG_WARN_DIRECT_OBJC_ISA_USAGE = YES_ERROR;
				CLANG_WARN_DOCUMENTATION_COMMENTS = YES;
				CLANG_WARN_EMPTY_BODY = YES;
				CLANG_WARN_ENUM_CONVERSION = YES;
				CLANG_WARN_INFINITE_RECURSION = YES;
				CLANG_WARN_INT_CONVERSION = YES;
				CLANG_WARN_NON_LITERAL_NULL_CONVERSION = YES;
				CLANG_WARN_OBJC_IMPLICIT_RETAIN_SELF = YES;
				CLANG_WARN_OBJC_LITERAL_CONVERSION = YES;
				CLANG_WARN_OBJC_ROOT_CLASS = YES_ERROR;
				CLANG_WARN_RANGE_LOOP_ANALYSIS = YES;
				CLANG_WARN_STRICT_PROTOTYPES = YES;
				CLANG_WARN_SUSPICIOUS_MOVE = YES;
				CLANG_WARN_UNGUARDED_AVAILABILITY = YES_AGGRESSIVE;
				CLANG_WARN_UNREACHABLE_CODE = YES;
				CLANG_WARN__DUPLICATE_METHOD_MATCH = YES;
				COPY_PHASE_STRIP = NO;
				DEBUG_INFORMATION_FORMAT = "dwarf-with-dsym";
				ENABLE_NS_ASSERTIONS = NO;
				ENABLE_STRICT_OBJC_MSGSEND = YES;
				GCC_C_LANGUAGE_STANDARD = gnu11;
				GCC_NO_COMMON_BLOCKS = YES;
				GCC_WARN_64_TO_32_BIT_CONVERSION = YES;
				GCC_WARN_ABOUT_RETURN_TYPE = YES_ERROR;
				GCC_WARN_UNDECLARED_SELECTOR = YES;
				GCC_WARN_UNINITIALIZED_AUTOS = YES_AGGRESSIVE;
				GCC_WARN_UNUSED_FUNCTION = YES;
				GCC_WARN_UNUSED_VARIABLE = YES;
				IPHONEOS_DEPLOYMENT_TARGET = 13.2;
				MTL_ENABLE_DEBUG_INFO = NO;
				MTL_FAST_MATH = YES;
				SDKROOT = iphoneos;
				SWIFT_COMPILATION_MODE = wholemodule;
				SWIFT_OPTIMIZATION_LEVEL = "-O";
				VALIDATE_PRODUCT = YES;
			};
			name = Release;
		};
		6FBDF92223E5A01500D4FF08 /* Debug */ = {
			isa = XCBuildConfiguration;
			buildSettings = {
				ASSETCATALOG_COMPILER_APPICON_NAME = AppIcon;
				CODE_SIGN_STYLE = Automatic;
				DEVELOPMENT_TEAM = Y3J9DR9455;
				FRAMEWORK_SEARCH_PATHS = (
					"$(inherited)",
					"$(PROJECT_DIR)/Carthage/Build/iOS",
				);
				INFOPLIST_FILE = Carthage/Info.plist;
				LD_RUNPATH_SEARCH_PATHS = (
					"$(inherited)",
					"@executable_path/Frameworks",
				);
				PRODUCT_BUNDLE_IDENTIFIER = Skillbox.Carthage;
				PRODUCT_NAME = "$(TARGET_NAME)";
				SWIFT_VERSION = 5.0;
				TARGETED_DEVICE_FAMILY = "1,2";
			};
			name = Debug;
		};
		6FBDF92323E5A01500D4FF08 /* Release */ = {
			isa = XCBuildConfiguration;
			buildSettings = {
				ASSETCATALOG_COMPILER_APPICON_NAME = AppIcon;
				CODE_SIGN_STYLE = Automatic;
				DEVELOPMENT_TEAM = Y3J9DR9455;
				FRAMEWORK_SEARCH_PATHS = (
					"$(inherited)",
					"$(PROJECT_DIR)/Carthage/Build/iOS",
				);
				INFOPLIST_FILE = Carthage/Info.plist;
				LD_RUNPATH_SEARCH_PATHS = (
					"$(inherited)",
					"@executable_path/Frameworks",
				);
				PRODUCT_BUNDLE_IDENTIFIER = Skillbox.Carthage;
				PRODUCT_NAME = "$(TARGET_NAME)";
				SWIFT_VERSION = 5.0;
				TARGETED_DEVICE_FAMILY = "1,2";
			};
			name = Release;
		};
/* End XCBuildConfiguration section */

/* Begin XCConfigurationList section */
		6FBDF90523E5A01400D4FF08 /* Build configuration list for PBXProject "Carthage" */ = {
			isa = XCConfigurationList;
			buildConfigurations = (
				6FBDF91F23E5A01500D4FF08 /* Debug */,
				6FBDF92023E5A01500D4FF08 /* Release */,
			);
			defaultConfigurationIsVisible = 0;
			defaultConfigurationName = Release;
		};
		6FBDF92123E5A01500D4FF08 /* Build configuration list for PBXNativeTarget "Carthage" */ = {
			isa = XCConfigurationList;
			buildConfigurations = (
				6FBDF92223E5A01500D4FF08 /* Debug */,
				6FBDF92323E5A01500D4FF08 /* Release */,
			);
			defaultConfigurationIsVisible = 0;
			defaultConfigurationName = Release;
		};
/* End XCConfigurationList section */

/* Begin XCVersionGroup section */
		6FBDF91623E5A01400D4FF08 /* Carthage.xcdatamodeld */ = {
			isa = XCVersionGroup;
			children = (
				6FBDF91723E5A01400D4FF08 /* Carthage.xcdatamodel */,
			);
			currentVersion = 6FBDF91723E5A01400D4FF08 /* Carthage.xcdatamodel */;
			path = Carthage.xcdatamodeld;
			sourceTree = "<group>";
			versionGroupType = wrapper.xcdatamodel;
		};
/* End XCVersionGroup section */
	};
	rootObject = 6FBDF90223E5A01400D4FF08 /* Project object */;
}
